// !$*UTF8*$!
{
	archiveVersion = 1;
	classes = {
	};
	objectVersion = 50;
	objects = {

/* Begin PBXBuildFile section */
		5749FBFD262F064000F33047 /* MainViewController.swift in Sources */ = {isa = PBXBuildFile; fileRef = 5749FBFC262F064000F33047 /* MainViewController.swift */; };
		57F8C4E1262EC72A008918F6 /* AppDelegate.swift in Sources */ = {isa = PBXBuildFile; fileRef = 57F8C4E0262EC72A008918F6 /* AppDelegate.swift */; };
		57F8C4E3262EC72A008918F6 /* SceneDelegate.swift in Sources */ = {isa = PBXBuildFile; fileRef = 57F8C4E2262EC72A008918F6 /* SceneDelegate.swift */; };
		57F8C4E8262EC72A008918F6 /* Main.storyboard in Resources */ = {isa = PBXBuildFile; fileRef = 57F8C4E6262EC72A008918F6 /* Main.storyboard */; };
		57F8C4EA262EC72B008918F6 /* Assets.xcassets in Resources */ = {isa = PBXBuildFile; fileRef = 57F8C4E9262EC72B008918F6 /* Assets.xcassets */; };
		57F8C4ED262EC72B008918F6 /* LaunchScreen.storyboard in Resources */ = {isa = PBXBuildFile; fileRef = 57F8C4EB262EC72B008918F6 /* LaunchScreen.storyboard */; };
		57F8C508262EF591008918F6 /* ColorPickerSwiftUI.swift in Sources */ = {isa = PBXBuildFile; fileRef = 57F8C507262EF591008918F6 /* ColorPickerSwiftUI.swift */; };
		57F8C50F262EF61D008918F6 /* CPUIKitViewController.swift in Sources */ = {isa = PBXBuildFile; fileRef = 57F8C50E262EF61D008918F6 /* CPUIKitViewController.swift */; };
/* End PBXBuildFile section */

/* Begin PBXFileReference section */
		5749FBFC262F064000F33047 /* MainViewController.swift */ = {isa = PBXFileReference; lastKnownFileType = sourcecode.swift; path = MainViewController.swift; sourceTree = "<group>"; };
		57F8C4DD262EC72A008918F6 /* ColorPicker.app */ = {isa = PBXFileReference; explicitFileType = wrapper.application; includeInIndex = 0; path = ColorPicker.app; sourceTree = BUILT_PRODUCTS_DIR; };
		57F8C4E0262EC72A008918F6 /* AppDelegate.swift */ = {isa = PBXFileReference; lastKnownFileType = sourcecode.swift; path = AppDelegate.swift; sourceTree = "<group>"; };
		57F8C4E2262EC72A008918F6 /* SceneDelegate.swift */ = {isa = PBXFileReference; lastKnownFileType = sourcecode.swift; path = SceneDelegate.swift; sourceTree = "<group>"; };
		57F8C4E7262EC72A008918F6 /* Base */ = {isa = PBXFileReference; lastKnownFileType = file.storyboard; name = Base; path = Base.lproj/Main.storyboard; sourceTree = "<group>"; };
		57F8C4E9262EC72B008918F6 /* Assets.xcassets */ = {isa = PBXFileReference; lastKnownFileType = folder.assetcatalog; path = Assets.xcassets; sourceTree = "<group>"; };
		57F8C4EC262EC72B008918F6 /* Base */ = {isa = PBXFileReference; lastKnownFileType = file.storyboard; name = Base; path = Base.lproj/LaunchScreen.storyboard; sourceTree = "<group>"; };
		57F8C4EE262EC72B008918F6 /* Info.plist */ = {isa = PBXFileReference; lastKnownFileType = text.plist.xml; path = Info.plist; sourceTree = "<group>"; };
		57F8C507262EF591008918F6 /* ColorPickerSwiftUI.swift */ = {isa = PBXFileReference; lastKnownFileType = sourcecode.swift; path = ColorPickerSwiftUI.swift; sourceTree = "<group>"; };
		57F8C50E262EF61D008918F6 /* CPUIKitViewController.swift */ = {isa = PBXFileReference; lastKnownFileType = sourcecode.swift; path = CPUIKitViewController.swift; sourceTree = "<group>"; };
/* End PBXFileReference section */

/* Begin PBXFrameworksBuildPhase section */
		57F8C4DA262EC72A008918F6 /* Frameworks */ = {
			isa = PBXFrameworksBuildPhase;
			buildActionMask = 2147483647;
			files = (
			);
			runOnlyForDeploymentPostprocessing = 0;
		};
/* End PBXFrameworksBuildPhase section */

/* Begin PBXGroup section */
		57F8C4D4262EC729008918F6 = {
			isa = PBXGroup;
			children = (
				57F8C4DF262EC72A008918F6 /* ColorPicker */,
				57F8C4DE262EC72A008918F6 /* Products */,
			);
			sourceTree = "<group>";
		};
		57F8C4DE262EC72A008918F6 /* Products */ = {
			isa = PBXGroup;
			children = (
				57F8C4DD262EC72A008918F6 /* ColorPicker.app */,
			);
			name = Products;
			sourceTree = "<group>";
		};
		57F8C4DF262EC72A008918F6 /* ColorPicker */ = {
			isa = PBXGroup;
			children = (
				57F8C4F7262EF3E6008918F6 /* ApplicationDelegate */,
				57F8C4FA262EF413008918F6 /* View */,
				57F8C4F9262EF3F6008918F6 /* Perform Files */,
			);
			path = ColorPicker;
			sourceTree = "<group>";
		};
		57F8C4F7262EF3E6008918F6 /* ApplicationDelegate */ = {
			isa = PBXGroup;
			children = (
				57F8C4E0262EC72A008918F6 /* AppDelegate.swift */,
				57F8C4E2262EC72A008918F6 /* SceneDelegate.swift */,
			);
			path = ApplicationDelegate;
			sourceTree = "<group>";
		};
		57F8C4F9262EF3F6008918F6 /* Perform Files */ = {
			isa = PBXGroup;
			children = (
				57F8C4E9262EC72B008918F6 /* Assets.xcassets */,
				57F8C4EE262EC72B008918F6 /* Info.plist */,
			);
			path = "Perform Files";
			sourceTree = "<group>";
		};
		57F8C4FA262EF413008918F6 /* View */ = {
			isa = PBXGroup;
			children = (
				57F8C501262EF4AE008918F6 /* MainViewController */,
				57F8C4FD262EF456008918F6 /* ColorPickerUIKit */,
				57F8C4FC262EF43F008918F6 /* ColorPickerSwiftUI */,
				57F8C4FB262EF42B008918F6 /* Storyboards */,
			);
			path = View;
			sourceTree = "<group>";
		};
		57F8C4FB262EF42B008918F6 /* Storyboards */ = {
			isa = PBXGroup;
			children = (
				57F8C4E6262EC72A008918F6 /* Main.storyboard */,
				57F8C4EB262EC72B008918F6 /* LaunchScreen.storyboard */,
			);
			path = Storyboards;
			sourceTree = "<group>";
		};
		57F8C4FC262EF43F008918F6 /* ColorPickerSwiftUI */ = {
			isa = PBXGroup;
			children = (
				57F8C507262EF591008918F6 /* ColorPickerSwiftUI.swift */,
			);
			path = ColorPickerSwiftUI;
			sourceTree = "<group>";
		};
		57F8C4FD262EF456008918F6 /* ColorPickerUIKit */ = {
			isa = PBXGroup;
			children = (
				57F8C50E262EF61D008918F6 /* CPUIKitViewController.swift */,
			);
			path = ColorPickerUIKit;
			sourceTree = "<group>";
		};
		57F8C501262EF4AE008918F6 /* MainViewController */ = {
			isa = PBXGroup;
			children = (
				5749FBFC262F064000F33047 /* MainViewController.swift */,
			);
			path = MainViewController;
			sourceTree = "<group>";
		};
/* End PBXGroup section */

/* Begin PBXNativeTarget section */
		57F8C4DC262EC72A008918F6 /* ColorPicker */ = {
			isa = PBXNativeTarget;
			buildConfigurationList = 57F8C4F1262EC72B008918F6 /* Build configuration list for PBXNativeTarget "ColorPicker" */;
			buildPhases = (
				57F8C4D9262EC72A008918F6 /* Sources */,
				57F8C4DA262EC72A008918F6 /* Frameworks */,
				57F8C4DB262EC72A008918F6 /* Resources */,
			);
			buildRules = (
			);
			dependencies = (
			);
			name = ColorPicker;
			productName = ColorPicker;
			productReference = 57F8C4DD262EC72A008918F6 /* ColorPicker.app */;
			productType = "com.apple.product-type.application";
		};
/* End PBXNativeTarget section */

/* Begin PBXProject section */
		57F8C4D5262EC729008918F6 /* Project object */ = {
			isa = PBXProject;
			attributes = {
				LastSwiftUpdateCheck = 1240;
				LastUpgradeCheck = 1240;
				TargetAttributes = {
					57F8C4DC262EC72A008918F6 = {
						CreatedOnToolsVersion = 12.4;
					};
				};
			};
			buildConfigurationList = 57F8C4D8262EC72A008918F6 /* Build configuration list for PBXProject "ColorPicker" */;
			compatibilityVersion = "Xcode 9.3";
			developmentRegion = en;
			hasScannedForEncodings = 0;
			knownRegions = (
				en,
				Base,
			);
			mainGroup = 57F8C4D4262EC729008918F6;
			productRefGroup = 57F8C4DE262EC72A008918F6 /* Products */;
			projectDirPath = "";
			projectRoot = "";
			targets = (
				57F8C4DC262EC72A008918F6 /* ColorPicker */,
			);
		};
/* End PBXProject section */

/* Begin PBXResourcesBuildPhase section */
		57F8C4DB262EC72A008918F6 /* Resources */ = {
			isa = PBXResourcesBuildPhase;
			buildActionMask = 2147483647;
			files = (
				57F8C4ED262EC72B008918F6 /* LaunchScreen.storyboard in Resources */,
				57F8C4EA262EC72B008918F6 /* Assets.xcassets in Resources */,
				57F8C4E8262EC72A008918F6 /* Main.storyboard in Resources */,
			);
			runOnlyForDeploymentPostprocessing = 0;
		};
/* End PBXResourcesBuildPhase section */

/* Begin PBXSourcesBuildPhase section */
		57F8C4D9262EC72A008918F6 /* Sources */ = {
			isa = PBXSourcesBuildPhase;
			buildActionMask = 2147483647;
			files = (
				5749FBFD262F064000F33047 /* MainViewController.swift in Sources */,
				57F8C50F262EF61D008918F6 /* CPUIKitViewController.swift in Sources */,
				57F8C508262EF591008918F6 /* ColorPickerSwiftUI.swift in Sources */,
				57F8C4E1262EC72A008918F6 /* AppDelegate.swift in Sources */,
				57F8C4E3262EC72A008918F6 /* SceneDelegate.swift in Sources */,
			);
			runOnlyForDeploymentPostprocessing = 0;
		};
/* End PBXSourcesBuildPhase section */

/* Begin PBXVariantGroup section */
		57F8C4E6262EC72A008918F6 /* Main.storyboard */ = {
			isa = PBXVariantGroup;
			children = (
				57F8C4E7262EC72A008918F6 /* Base */,
			);
			name = Main.storyboard;
			sourceTree = "<group>";
		};
		57F8C4EB262EC72B008918F6 /* LaunchScreen.storyboard */ = {
			isa = PBXVariantGroup;
			children = (
				57F8C4EC262EC72B008918F6 /* Base */,
			);
			name = LaunchScreen.storyboard;
			sourceTree = "<group>";
		};
/* End PBXVariantGroup section */

/* Begin XCBuildConfiguration section */
		57F8C4EF262EC72B008918F6 /* Debug */ = {
			isa = XCBuildConfiguration;
			buildSettings = {
				ALWAYS_SEARCH_USER_PATHS = NO;
				CLANG_ANALYZER_NONNULL = YES;
				CLANG_ANALYZER_NUMBER_OBJECT_CONVERSION = YES_AGGRESSIVE;
				CLANG_CXX_LANGUAGE_STANDARD = "gnu++14";
				CLANG_CXX_LIBRARY = "libc++";
				CLANG_ENABLE_MODULES = YES;
				CLANG_ENABLE_OBJC_ARC = YES;
				CLANG_ENABLE_OBJC_WEAK = YES;
				CLANG_WARN_BLOCK_CAPTURE_AUTORELEASING = YES;
				CLANG_WARN_BOOL_CONVERSION = YES;
				CLANG_WARN_COMMA = YES;
				CLANG_WARN_CONSTANT_CONVERSION = YES;
				CLANG_WARN_DEPRECATED_OBJC_IMPLEMENTATIONS = YES;
				CLANG_WARN_DIRECT_OBJC_ISA_USAGE = YES_ERROR;
				CLANG_WARN_DOCUMENTATION_COMMENTS = YES;
				CLANG_WARN_EMPTY_BODY = YES;
				CLANG_WARN_ENUM_CONVERSION = YES;
				CLANG_WARN_INFINITE_RECURSION = YES;
				CLANG_WARN_INT_CONVERSION = YES;
				CLANG_WARN_NON_LITERAL_NULL_CONVERSION = YES;
				CLANG_WARN_OBJC_IMPLICIT_RETAIN_SELF = YES;
				CLANG_WARN_OBJC_LITERAL_CONVERSION = YES;
				CLANG_WARN_OBJC_ROOT_CLASS = YES_ERROR;
				CLANG_WARN_QUOTED_INCLUDE_IN_FRAMEWORK_HEADER = YES;
				CLANG_WARN_RANGE_LOOP_ANALYSIS = YES;
				CLANG_WARN_STRICT_PROTOTYPES = YES;
				CLANG_WARN_SUSPICIOUS_MOVE = YES;
				CLANG_WARN_UNGUARDED_AVAILABILITY = YES_AGGRESSIVE;
				CLANG_WARN_UNREACHABLE_CODE = YES;
				CLANG_WARN__DUPLICATE_METHOD_MATCH = YES;
				COPY_PHASE_STRIP = NO;
				DEBUG_INFORMATION_FORMAT = dwarf;
				ENABLE_STRICT_OBJC_MSGSEND = YES;
				ENABLE_TESTABILITY = YES;
				GCC_C_LANGUAGE_STANDARD = gnu11;
				GCC_DYNAMIC_NO_PIC = NO;
				GCC_NO_COMMON_BLOCKS = YES;
				GCC_OPTIMIZATION_LEVEL = 0;
				GCC_PREPROCESSOR_DEFINITIONS = (
					"DEBUG=1",
					"$(inherited)",
				);
				GCC_WARN_64_TO_32_BIT_CONVERSION = YES;
				GCC_WARN_ABOUT_RETURN_TYPE = YES_ERROR;
				GCC_WARN_UNDECLARED_SELECTOR = YES;
				GCC_WARN_UNINITIALIZED_AUTOS = YES_AGGRESSIVE;
				GCC_WARN_UNUSED_FUNCTION = YES;
				GCC_WARN_UNUSED_VARIABLE = YES;
				IPHONEOS_DEPLOYMENT_TARGET = 14.4;
				MTL_ENABLE_DEBUG_INFO = INCLUDE_SOURCE;
				MTL_FAST_MATH = YES;
				ONLY_ACTIVE_ARCH = YES;
				SDKROOT = iphoneos;
				SWIFT_ACTIVE_COMPILATION_CONDITIONS = DEBUG;
				SWIFT_OPTIMIZATION_LEVEL = "-Onone";
			};
			name = Debug;
		};
		57F8C4F0262EC72B008918F6 /* Release */ = {
			isa = XCBuildConfiguration;
			buildSettings = {
				ALWAYS_SEARCH_USER_PATHS = NO;
				CLANG_ANALYZER_NONNULL = YES;
				CLANG_ANALYZER_NUMBER_OBJECT_CONVERSION = YES_AGGRESSIVE;
				CLANG_CXX_LANGUAGE_STANDARD = "gnu++14";
				CLANG_CXX_LIBRARY = "libc++";
				CLANG_ENABLE_MODULES = YES;
				CLANG_ENABLE_OBJC_ARC = YES;
				CLANG_ENABLE_OBJC_WEAK = YES;
				CLANG_WARN_BLOCK_CAPTURE_AUTORELEASING = YES;
				CLANG_WARN_BOOL_CONVERSION = YES;
				CLANG_WARN_COMMA = YES;
				CLANG_WARN_CONSTANT_CONVERSION = YES;
				CLANG_WARN_DEPRECATED_OBJC_IMPLEMENTATIONS = YES;
				CLANG_WARN_DIRECT_OBJC_ISA_USAGE = YES_ERROR;
				CLANG_WARN_DOCUMENTATION_COMMENTS = YES;
				CLANG_WARN_EMPTY_BODY = YES;
				CLANG_WARN_ENUM_CONVERSION = YES;
				CLANG_WARN_INFINITE_RECURSION = YES;
				CLANG_WARN_INT_CONVERSION = YES;
				CLANG_WARN_NON_LITERAL_NULL_CONVERSION = YES;
				CLANG_WARN_OBJC_IMPLICIT_RETAIN_SELF = YES;
				CLANG_WARN_OBJC_LITERAL_CONVERSION = YES;
				CLANG_WARN_OBJC_ROOT_CLASS = YES_ERROR;
				CLANG_WARN_QUOTED_INCLUDE_IN_FRAMEWORK_HEADER = YES;
				CLANG_WARN_RANGE_LOOP_ANALYSIS = YES;
				CLANG_WARN_STRICT_PROTOTYPES = YES;
				CLANG_WARN_SUSPICIOUS_MOVE = YES;
				CLANG_WARN_UNGUARDED_AVAILABILITY = YES_AGGRESSIVE;
				CLANG_WARN_UNREACHABLE_CODE = YES;
				CLANG_WARN__DUPLICATE_METHOD_MATCH = YES;
				COPY_PHASE_STRIP = NO;
				DEBUG_INFORMATION_FORMAT = "dwarf-with-dsym";
				ENABLE_NS_ASSERTIONS = NO;
				ENABLE_STRICT_OBJC_MSGSEND = YES;
				GCC_C_LANGUAGE_STANDARD = gnu11;
				GCC_NO_COMMON_BLOCKS = YES;
				GCC_WARN_64_TO_32_BIT_CONVERSION = YES;
				GCC_WARN_ABOUT_RETURN_TYPE = YES_ERROR;
				GCC_WARN_UNDECLARED_SELECTOR = YES;
				GCC_WARN_UNINITIALIZED_AUTOS = YES_AGGRESSIVE;
				GCC_WARN_UNUSED_FUNCTION = YES;
				GCC_WARN_UNUSED_VARIABLE = YES;
				IPHONEOS_DEPLOYMENT_TARGET = 14.4;
				MTL_ENABLE_DEBUG_INFO = NO;
				MTL_FAST_MATH = YES;
				SDKROOT = iphoneos;
				SWIFT_COMPILATION_MODE = wholemodule;
				SWIFT_OPTIMIZATION_LEVEL = "-O";
				VALIDATE_PRODUCT = YES;
			};
			name = Release;
		};
		57F8C4F2262EC72B008918F6 /* Debug */ = {
			isa = XCBuildConfiguration;
			buildSettings = {
				ASSETCATALOG_COMPILER_APPICON_NAME = AppIcon;
				ASSETCATALOG_COMPILER_GLOBAL_ACCENT_COLOR_NAME = AccentColor;
				CODE_SIGN_STYLE = Automatic;
				INFOPLIST_FILE = "$(SRCROOT)/ColorPicker/Perform Files/Info.plist";
				IPHONEOS_DEPLOYMENT_TARGET = 14.1;
				LD_RUNPATH_SEARCH_PATHS = (
					"$(inherited)",
					"@executable_path/Frameworks",
				);
				PRODUCT_BUNDLE_IDENTIFIER = mr.paw.ColorPicker;
				PRODUCT_NAME = "$(TARGET_NAME)";
				SWIFT_VERSION = 5.0;
				TARGETED_DEVICE_FAMILY = "1,2";
			};
			name = Debug;
		};
		57F8C4F3262EC72B008918F6 /* Release */ = {
			isa = XCBuildConfiguration;
			buildSettings = {
				ASSETCATALOG_COMPILER_APPICON_NAME = AppIcon;
				ASSETCATALOG_COMPILER_GLOBAL_ACCENT_COLOR_NAME = AccentColor;
				CODE_SIGN_STYLE = Automatic;
				INFOPLIST_FILE = "$(SRCROOT)/ColorPicker/Perform Files/Info.plist";
				IPHONEOS_DEPLOYMENT_TARGET = 14.1;
				LD_RUNPATH_SEARCH_PATHS = (
					"$(inherited)",
					"@executable_path/Frameworks",
				);
				PRODUCT_BUNDLE_IDENTIFIER = mr.paw.ColorPicker;
				PRODUCT_NAME = "$(TARGET_NAME)";
				SWIFT_VERSION = 5.0;
				TARGETED_DEVICE_FAMILY = "1,2";
			};
			name = Release;
		};
/* End XCBuildConfiguration section */

/* Begin XCConfigurationList section */
		57F8C4D8262EC72A008918F6 /* Build configuration list for PBXProject "ColorPicker" */ = {
			isa = XCConfigurationList;
			buildConfigurations = (
				57F8C4EF262EC72B008918F6 /* Debug */,
				57F8C4F0262EC72B008918F6 /* Release */,
			);
			defaultConfigurationIsVisible = 0;
			defaultConfigurationName = Release;
		};
		57F8C4F1262EC72B008918F6 /* Build configuration list for PBXNativeTarget "ColorPicker" */ = {
			isa = XCConfigurationList;
			buildConfigurations = (
				57F8C4F2262EC72B008918F6 /* Debug */,
				57F8C4F3262EC72B008918F6 /* Release */,
			);
			defaultConfigurationIsVisible = 0;
			defaultConfigurationName = Release;
		};
/* End XCConfigurationList section */
	};
	rootObject = 57F8C4D5262EC729008918F6 /* Project object */;
}
